
Microsoft Visual Studio Solution File, Format Version 12.00
# Visual Studio Version 17
VisualStudioVersion = 17.10.35013.160
MinimumVisualStudioVersion = 10.0.40219.1
Project("{9A19103F-16F7-4668-BE54-9A1E7A4F7556}") = "ITISHub.API", "ITISHub.API\ITISHub.API.csproj", "{79A51AD4-0702-4415-B5D8-B541C1938871}"
EndProject
Project("{9A19103F-16F7-4668-BE54-9A1E7A4F7556}") = "ITISHub.Application", "ITISHub.Application\ITISHub.Application.csproj", "{5F9095BA-EA46-4BBD-969D-269FBC717267}"
EndProject
Project("{9A19103F-16F7-4668-BE54-9A1E7A4F7556}") = "ITISHub.Core", "ITISHub.Core\ITISHub.Core.csproj", "{9E1AFDA1-1380-43C6-8599-CD1CEF5CAF71}"
EndProject
Project("{9A19103F-16F7-4668-BE54-9A1E7A4F7556}") = "ITISHub.Infrastructure", "ITISHub.Infrastructure\ITISHub.Infrastructure.csproj", "{F18416EA-DA98-477F-BBE5-C80EACDB0C58}"
EndProject
Project("{9A19103F-16F7-4668-BE54-9A1E7A4F7556}") = "ITISHub.Persistence", "ITISHub.Persistsence\ITISHub.Persistence.csproj", "{BB10C13F-4B4D-4764-8B33-477D2D868C68}"
EndProject
Global
	GlobalSection(SolutionConfigurationPlatforms) = preSolution
		Debug|Any CPU = Debug|Any CPU
		Release|Any CPU = Release|Any CPU
	EndGlobalSection
	GlobalSection(ProjectConfigurationPlatforms) = postSolution
		{79A51AD4-0702-4415-B5D8-B541C1938871}.Debug|Any CPU.ActiveCfg = Debug|Any CPU
		{79A51AD4-0702-4415-B5D8-B541C1938871}.Debug|Any CPU.Build.0 = Debug|Any CPU
		{79A51AD4-0702-4415-B5D8-B541C1938871}.Release|Any CPU.ActiveCfg = Release|Any CPU
		{79A51AD4-0702-4415-B5D8-B541C1938871}.Release|Any CPU.Build.0 = Release|Any CPU
		{5F9095BA-EA46-4BBD-969D-269FBC717267}.Debug|Any CPU.ActiveCfg = Debug|Any CPU
		{5F9095BA-EA46-4BBD-969D-269FBC717267}.Debug|Any CPU.Build.0 = Debug|Any CPU
		{5F9095BA-EA46-4BBD-969D-269FBC717267}.Release|Any CPU.ActiveCfg = Release|Any CPU
		{5F9095BA-EA46-4BBD-969D-269FBC717267}.Release|Any CPU.Build.0 = Release|Any CPU
		{9E1AFDA1-1380-43C6-8599-CD1CEF5CAF71}.Debug|Any CPU.ActiveCfg = Debug|Any CPU
		{9E1AFDA1-1380-43C6-8599-CD1CEF5CAF71}.Debug|Any CPU.Build.0 = Debug|Any CPU
		{9E1AFDA1-1380-43C6-8599-CD1CEF5CAF71}.Release|Any CPU.ActiveCfg = Release|Any CPU
		{9E1AFDA1-1380-43C6-8599-CD1CEF5CAF71}.Release|Any CPU.Build.0 = Release|Any CPU
		{F18416EA-DA98-477F-BBE5-C80EACDB0C58}.Debug|Any CPU.ActiveCfg = Debug|Any CPU
		{F18416EA-DA98-477F-BBE5-C80EACDB0C58}.Debug|Any CPU.Build.0 = Debug|Any CPU
		{F18416EA-DA98-477F-BBE5-C80EACDB0C58}.Release|Any CPU.ActiveCfg = Release|Any CPU
		{F18416EA-DA98-477F-BBE5-C80EACDB0C58}.Release|Any CPU.Build.0 = Release|Any CPU
		{BB10C13F-4B4D-4764-8B33-477D2D868C68}.Debug|Any CPU.ActiveCfg = Debug|Any CPU
		{BB10C13F-4B4D-4764-8B33-477D2D868C68}.Debug|Any CPU.Build.0 = Debug|Any CPU
		{BB10C13F-4B4D-4764-8B33-477D2D868C68}.Release|Any CPU.ActiveCfg = Release|Any CPU
		{BB10C13F-4B4D-4764-8B33-477D2D868C68}.Release|Any CPU.Build.0 = Release|Any CPU
	EndGlobalSection
	GlobalSection(SolutionProperties) = preSolution
		HideSolutionNode = FALSE
	EndGlobalSection
	GlobalSection(ExtensibilityGlobals) = postSolution
		SolutionGuid = {6AE8B8A2-5DFA-47DB-ACD0-7AFD8E0FA34E}
	EndGlobalSection
EndGlobal
